
Microsoft Visual Studio Solution File, Format Version 12.00
# Visual Studio Version 16
VisualStudioVersion = 16.0.29025.244
MinimumVisualStudioVersion = 10.0.40219.1
Project("{FAE04EC0-301F-11D3-BF4B-00C04F79EFBC}") = "SRFNprojectJULY19v1", "SRFNprojectJULY19v1.csproj", "{30301F16-DC09-43F5-B774-132CF2836393}"
EndProject
Global
	GlobalSection(SolutionConfigurationPlatforms) = preSolution
		Debug|Any CPU = Debug|Any CPU
		Release|Any CPU = Release|Any CPU
	EndGlobalSection
	GlobalSection(ProjectConfigurationPlatforms) = postSolution
		{30301F16-DC09-43F5-B774-132CF2836393}.Debug|Any CPU.ActiveCfg = Debug|Any CPU
		{30301F16-DC09-43F5-B774-132CF2836393}.Debug|Any CPU.Build.0 = Debug|Any CPU
		{30301F16-DC09-43F5-B774-132CF2836393}.Release|Any CPU.ActiveCfg = Release|Any CPU
		{30301F16-DC09-43F5-B774-132CF2836393}.Release|Any CPU.Build.0 = Release|Any CPU
	EndGlobalSection
	GlobalSection(SolutionProperties) = preSolution
		HideSolutionNode = FALSE
	EndGlobalSection
	GlobalSection(ExtensibilityGlobals) = postSolution
		SolutionGuid = {BB449AA2-FD6B-4068-BA59-E9DD1917F3ED}
	EndGlobalSection
EndGlobal
